# THIS IS AN AUTOGENERATED FILE. DO NOT EDIT THIS FILE DIRECTLY.
# yarn lockfile v1


liquibase@^4.4.0:
  version "4.4.0"
  resolved "https://registry.yarnpkg.com/liquibase/-/liquibase-4.4.0.tgz#d6903fd8e04da07cfaa7a7663a9828238027802b"
  integrity sha512-oD/ZJgxpoR43V5Vt7o3r9ftYl16PyFco5l1EpKI4VKDQLtm1acHsyqxjA96S6c+rP51PafC4xug1Z6IJLyyAXA==
